
Microsoft Visual Studio Solution File, Format Version 12.00
# Visual Studio Version 17
VisualStudioVersion = 17.13.35806.99
MinimumVisualStudioVersion = 10.0.40219.1
Project("{FAE04EC0-301F-11D3-BF4B-00C04F79EFBC}") = "Models", "Models\Models.csproj", "{FDA2D61B-02D8-4851-90FC-463C3C30AD98}"
EndProject
Project("{FAE04EC0-301F-11D3-BF4B-00C04F79EFBC}") = "Context", "Context\Context.csproj", "{55CA201B-F049-42E6-BB81-B84DB09D47C5}"
EndProject
Project("{FAE04EC0-301F-11D3-BF4B-00C04F79EFBC}") = "Infrastructrure", "Infrastructrure\Infrastructrure.csproj", "{56274E34-CF3E-4CB1-9ACB-091EC8D0716A}"
EndProject
Project("{FAE04EC0-301F-11D3-BF4B-00C04F79EFBC}") = "Application", "Application\Application.csproj", "{2E4CC5DB-919F-44BD-8800-4B98DDF57212}"
EndProject
Project("{FAE04EC0-301F-11D3-BF4B-00C04F79EFBC}") = "DTOs", "DTOs\DTOs.csproj", "{6757166C-7900-46F7-A2DF-05BA4B342DAE}"
EndProject
Project("{FAE04EC0-301F-11D3-BF4B-00C04F79EFBC}") = "Presentation", "Presentation\Presentation.csproj", "{E1F0C4C9-94DF-4A85-AE68-77CCA33DB1B0}"
EndProject
Global
	GlobalSection(SolutionConfigurationPlatforms) = preSolution
		Debug|Any CPU = Debug|Any CPU
		Release|Any CPU = Release|Any CPU
	EndGlobalSection
	GlobalSection(ProjectConfigurationPlatforms) = postSolution
		{FDA2D61B-02D8-4851-90FC-463C3C30AD98}.Debug|Any CPU.ActiveCfg = Debug|Any CPU
		{FDA2D61B-02D8-4851-90FC-463C3C30AD98}.Debug|Any CPU.Build.0 = Debug|Any CPU
		{FDA2D61B-02D8-4851-90FC-463C3C30AD98}.Release|Any CPU.ActiveCfg = Release|Any CPU
		{FDA2D61B-02D8-4851-90FC-463C3C30AD98}.Release|Any CPU.Build.0 = Release|Any CPU
		{55CA201B-F049-42E6-BB81-B84DB09D47C5}.Debug|Any CPU.ActiveCfg = Debug|Any CPU
		{55CA201B-F049-42E6-BB81-B84DB09D47C5}.Debug|Any CPU.Build.0 = Debug|Any CPU
		{55CA201B-F049-42E6-BB81-B84DB09D47C5}.Release|Any CPU.ActiveCfg = Release|Any CPU
		{55CA201B-F049-42E6-BB81-B84DB09D47C5}.Release|Any CPU.Build.0 = Release|Any CPU
		{56274E34-CF3E-4CB1-9ACB-091EC8D0716A}.Debug|Any CPU.ActiveCfg = Debug|Any CPU
		{56274E34-CF3E-4CB1-9ACB-091EC8D0716A}.Debug|Any CPU.Build.0 = Debug|Any CPU
		{56274E34-CF3E-4CB1-9ACB-091EC8D0716A}.Release|Any CPU.ActiveCfg = Release|Any CPU
		{56274E34-CF3E-4CB1-9ACB-091EC8D0716A}.Release|Any CPU.Build.0 = Release|Any CPU
		{2E4CC5DB-919F-44BD-8800-4B98DDF57212}.Debug|Any CPU.ActiveCfg = Debug|Any CPU
		{2E4CC5DB-919F-44BD-8800-4B98DDF57212}.Debug|Any CPU.Build.0 = Debug|Any CPU
		{2E4CC5DB-919F-44BD-8800-4B98DDF57212}.Release|Any CPU.ActiveCfg = Release|Any CPU
		{2E4CC5DB-919F-44BD-8800-4B98DDF57212}.Release|Any CPU.Build.0 = Release|Any CPU
		{6757166C-7900-46F7-A2DF-05BA4B342DAE}.Debug|Any CPU.ActiveCfg = Debug|Any CPU
		{6757166C-7900-46F7-A2DF-05BA4B342DAE}.Debug|Any CPU.Build.0 = Debug|Any CPU
		{6757166C-7900-46F7-A2DF-05BA4B342DAE}.Release|Any CPU.ActiveCfg = Release|Any CPU
		{6757166C-7900-46F7-A2DF-05BA4B342DAE}.Release|Any CPU.Build.0 = Release|Any CPU
		{E1F0C4C9-94DF-4A85-AE68-77CCA33DB1B0}.Debug|Any CPU.ActiveCfg = Debug|Any CPU
		{E1F0C4C9-94DF-4A85-AE68-77CCA33DB1B0}.Debug|Any CPU.Build.0 = Debug|Any CPU
		{E1F0C4C9-94DF-4A85-AE68-77CCA33DB1B0}.Release|Any CPU.ActiveCfg = Release|Any CPU
		{E1F0C4C9-94DF-4A85-AE68-77CCA33DB1B0}.Release|Any CPU.Build.0 = Release|Any CPU
	EndGlobalSection
	GlobalSection(SolutionProperties) = preSolution
		HideSolutionNode = FALSE
	EndGlobalSection
	GlobalSection(ExtensibilityGlobals) = postSolution
		SolutionGuid = {42D5F842-B001-403C-9A8A-74269541BB37}
	EndGlobalSection
EndGlobal
